
Microsoft Visual Studio Solution File, Format Version 12.00
# Visual Studio Version 16
VisualStudioVersion = 16.0.30011.22
MinimumVisualStudioVersion = 10.0.40219.1
Project("{888888A0-9F3D-457C-B088-3A5042F75D52}") = "FlaskWebProject1", "FlaskWebProject1\FlaskWebProject1.pyproj", "{F4943393-DA64-49E7-9B45-B8504500C311}"
EndProject
Global
	GlobalSection(SolutionConfigurationPlatforms) = preSolution
		Debug|Any CPU = Debug|Any CPU
		Release|Any CPU = Release|Any CPU
	EndGlobalSection
	GlobalSection(ProjectConfigurationPlatforms) = postSolution
		{F4943393-DA64-49E7-9B45-B8504500C311}.Debug|Any CPU.ActiveCfg = Debug|Any CPU
		{F4943393-DA64-49E7-9B45-B8504500C311}.Debug|Any CPU.Build.0 = Debug|Any CPU
		{F4943393-DA64-49E7-9B45-B8504500C311}.Release|Any CPU.ActiveCfg = Release|Any CPU
		{F4943393-DA64-49E7-9B45-B8504500C311}.Release|Any CPU.Build.0 = Release|Any CPU
	EndGlobalSection
	GlobalSection(SolutionProperties) = preSolution
		HideSolutionNode = FALSE
	EndGlobalSection
	GlobalSection(ExtensibilityGlobals) = postSolution
		SolutionGuid = {6A109755-6159-4C8E-BF32-D7093576D4C6}
	EndGlobalSection
EndGlobal
